
Microsoft Visual Studio Solution File, Format Version 12.00
# Visual Studio 15
VisualStudioVersion = 15.0.28010.2003
MinimumVisualStudioVersion = 10.0.40219.1
Project("{8BC9CEB8-8B4A-11D0-8D11-00A0C91BC942}") = "Test", "Test\Test.vcxproj", "{77AFADD7-834A-463D-8641-A13219619F47}"
EndProject
Project("{8BC9CEB8-8B4A-11D0-8D11-00A0C91BC942}") = "CommonLib", "CommonLib\CommonLib.vcxproj", "{C7B9EABB-F528-4E1D-AD69-B884EAEA1876}"
EndProject
Project("{2150E333-8FDC-42A3-9474-1A3956D46DE8}") = "Files", "Files", "{1EDDBEE5-4219-4923-AE1E-4455612D09D2}"
	ProjectSection(SolutionItems) = preProject
		Files\Image_Parms.txt = Files\Image_Parms.txt
		Files\Video_Parms.txt = Files\Video_Parms.txt
	EndProjectSection
EndProject
Project("{8BC9CEB8-8B4A-11D0-8D11-00A0C91BC942}") = "VThread1", "VThread1\VThread1.vcxproj", "{2874D55F-5E18-4E84-A118-44435C412F0B}"
	ProjectSection(ProjectDependencies) = postProject
		{C7B9EABB-F528-4E1D-AD69-B884EAEA1876} = {C7B9EABB-F528-4E1D-AD69-B884EAEA1876}
	EndProjectSection
EndProject
Project("{8BC9CEB8-8B4A-11D0-8D11-00A0C91BC942}") = "Video1", "Video1\Video1.vcxproj", "{0ED98E56-5A36-439F-868B-3AAAA580B9E3}"
EndProject
Project("{8BC9CEB8-8B4A-11D0-8D11-00A0C91BC942}") = "GenImage", "GenImage\GenImage.vcxproj", "{3B21E0DB-449B-41B9-8DBD-6234EDEFAC6D}"
EndProject
Project("{8BC9CEB8-8B4A-11D0-8D11-00A0C91BC942}") = "Video2", "Video2\Video2.vcxproj", "{2A48880E-48AD-420D-9C66-754BE0E560D9}"
EndProject
Global
	GlobalSection(SolutionConfigurationPlatforms) = preSolution
		Debug|x64 = Debug|x64
		Debug|x86 = Debug|x86
		Release|x64 = Release|x64
		Release|x86 = Release|x86
	EndGlobalSection
	GlobalSection(ProjectConfigurationPlatforms) = postSolution
		{77AFADD7-834A-463D-8641-A13219619F47}.Debug|x64.ActiveCfg = Debug|x64
		{77AFADD7-834A-463D-8641-A13219619F47}.Debug|x64.Build.0 = Debug|x64
		{77AFADD7-834A-463D-8641-A13219619F47}.Debug|x86.ActiveCfg = Debug|Win32
		{77AFADD7-834A-463D-8641-A13219619F47}.Debug|x86.Build.0 = Debug|Win32
		{77AFADD7-834A-463D-8641-A13219619F47}.Release|x64.ActiveCfg = Release|x64
		{77AFADD7-834A-463D-8641-A13219619F47}.Release|x64.Build.0 = Release|x64
		{77AFADD7-834A-463D-8641-A13219619F47}.Release|x86.ActiveCfg = Release|Win32
		{77AFADD7-834A-463D-8641-A13219619F47}.Release|x86.Build.0 = Release|Win32
		{C7B9EABB-F528-4E1D-AD69-B884EAEA1876}.Debug|x64.ActiveCfg = Debug|x64
		{C7B9EABB-F528-4E1D-AD69-B884EAEA1876}.Debug|x64.Build.0 = Debug|x64
		{C7B9EABB-F528-4E1D-AD69-B884EAEA1876}.Debug|x86.ActiveCfg = Debug|Win32
		{C7B9EABB-F528-4E1D-AD69-B884EAEA1876}.Debug|x86.Build.0 = Debug|Win32
		{C7B9EABB-F528-4E1D-AD69-B884EAEA1876}.Release|x64.ActiveCfg = Release|x64
		{C7B9EABB-F528-4E1D-AD69-B884EAEA1876}.Release|x64.Build.0 = Release|x64
		{C7B9EABB-F528-4E1D-AD69-B884EAEA1876}.Release|x86.ActiveCfg = Release|Win32
		{C7B9EABB-F528-4E1D-AD69-B884EAEA1876}.Release|x86.Build.0 = Release|Win32
		{2874D55F-5E18-4E84-A118-44435C412F0B}.Debug|x64.ActiveCfg = Debug|x64
		{2874D55F-5E18-4E84-A118-44435C412F0B}.Debug|x64.Build.0 = Debug|x64
		{2874D55F-5E18-4E84-A118-44435C412F0B}.Debug|x86.ActiveCfg = Debug|Win32
		{2874D55F-5E18-4E84-A118-44435C412F0B}.Debug|x86.Build.0 = Debug|Win32
		{2874D55F-5E18-4E84-A118-44435C412F0B}.Release|x64.ActiveCfg = Release|x64
		{2874D55F-5E18-4E84-A118-44435C412F0B}.Release|x64.Build.0 = Release|x64
		{2874D55F-5E18-4E84-A118-44435C412F0B}.Release|x86.ActiveCfg = Release|Win32
		{2874D55F-5E18-4E84-A118-44435C412F0B}.Release|x86.Build.0 = Release|Win32
		{0ED98E56-5A36-439F-868B-3AAAA580B9E3}.Debug|x64.ActiveCfg = Debug|x64
		{0ED98E56-5A36-439F-868B-3AAAA580B9E3}.Debug|x64.Build.0 = Debug|x64
		{0ED98E56-5A36-439F-868B-3AAAA580B9E3}.Debug|x86.ActiveCfg = Debug|Win32
		{0ED98E56-5A36-439F-868B-3AAAA580B9E3}.Debug|x86.Build.0 = Debug|Win32
		{0ED98E56-5A36-439F-868B-3AAAA580B9E3}.Release|x64.ActiveCfg = Release|x64
		{0ED98E56-5A36-439F-868B-3AAAA580B9E3}.Release|x64.Build.0 = Release|x64
		{0ED98E56-5A36-439F-868B-3AAAA580B9E3}.Release|x86.ActiveCfg = Release|Win32
		{0ED98E56-5A36-439F-868B-3AAAA580B9E3}.Release|x86.Build.0 = Release|Win32
		{3B21E0DB-449B-41B9-8DBD-6234EDEFAC6D}.Debug|x64.ActiveCfg = Debug|x64
		{3B21E0DB-449B-41B9-8DBD-6234EDEFAC6D}.Debug|x64.Build.0 = Debug|x64
		{3B21E0DB-449B-41B9-8DBD-6234EDEFAC6D}.Debug|x86.ActiveCfg = Debug|Win32
		{3B21E0DB-449B-41B9-8DBD-6234EDEFAC6D}.Debug|x86.Build.0 = Debug|Win32
		{3B21E0DB-449B-41B9-8DBD-6234EDEFAC6D}.Release|x64.ActiveCfg = Release|x64
		{3B21E0DB-449B-41B9-8DBD-6234EDEFAC6D}.Release|x64.Build.0 = Release|x64
		{3B21E0DB-449B-41B9-8DBD-6234EDEFAC6D}.Release|x86.ActiveCfg = Release|Win32
		{3B21E0DB-449B-41B9-8DBD-6234EDEFAC6D}.Release|x86.Build.0 = Release|Win32
		{2A48880E-48AD-420D-9C66-754BE0E560D9}.Debug|x64.ActiveCfg = Debug|x64
		{2A48880E-48AD-420D-9C66-754BE0E560D9}.Debug|x64.Build.0 = Debug|x64
		{2A48880E-48AD-420D-9C66-754BE0E560D9}.Debug|x86.ActiveCfg = Debug|Win32
		{2A48880E-48AD-420D-9C66-754BE0E560D9}.Debug|x86.Build.0 = Debug|Win32
		{2A48880E-48AD-420D-9C66-754BE0E560D9}.Release|x64.ActiveCfg = Release|x64
		{2A48880E-48AD-420D-9C66-754BE0E560D9}.Release|x64.Build.0 = Release|x64
		{2A48880E-48AD-420D-9C66-754BE0E560D9}.Release|x86.ActiveCfg = Release|Win32
		{2A48880E-48AD-420D-9C66-754BE0E560D9}.Release|x86.Build.0 = Release|Win32
	EndGlobalSection
	GlobalSection(SolutionProperties) = preSolution
		HideSolutionNode = FALSE
	EndGlobalSection
	GlobalSection(ExtensibilityGlobals) = postSolution
		SolutionGuid = {00171A10-60FF-4E12-9C5F-216D8475E0D3}
	EndGlobalSection
EndGlobal
